// !$*UTF8*$!
{
	archiveVersion = 1;
	classes = {
	};
	objectVersion = 56;
	objects = {

/* Begin PBXBuildFile section */
		4B5817782A62330C000B674B /* AppDelegate.m in Sources */ = {isa = PBXBuildFile; fileRef = 4B5817772A62330C000B674B /* AppDelegate.m */; };
		4B58177B2A62330C000B674B /* SceneDelegate.m in Sources */ = {isa = PBXBuildFile; fileRef = 4B58177A2A62330C000B674B /* SceneDelegate.m */; };
		4B58177E2A62330C000B674B /* ViewController.m in Sources */ = {isa = PBXBuildFile; fileRef = 4B58177D2A62330C000B674B /* ViewController.m */; };
		4B5817812A62330C000B674B /* Main.storyboard in Resources */ = {isa = PBXBuildFile; fileRef = 4B58177F2A62330C000B674B /* Main.storyboard */; };
		4B5817832A62330E000B674B /* Assets.xcassets in Resources */ = {isa = PBXBuildFile; fileRef = 4B5817822A62330E000B674B /* Assets.xcassets */; };
		4B5817862A62330E000B674B /* LaunchScreen.storyboard in Resources */ = {isa = PBXBuildFile; fileRef = 4B5817842A62330E000B674B /* LaunchScreen.storyboard */; };
		4B5817892A62330E000B674B /* main.m in Sources */ = {isa = PBXBuildFile; fileRef = 4B5817882A62330E000B674B /* main.m */; };
		4B5817922A62336A000B674B /* RemoterBase.m in Sources */ = {isa = PBXBuildFile; fileRef = 4B5817912A62336A000B674B /* RemoterBase.m */; };
		4B5817952A6233B0000B674B /* TVBase.m in Sources */ = {isa = PBXBuildFile; fileRef = 4B5817942A6233B0000B674B /* TVBase.m */; };
		4B5817A42A623536000B674B /* RemoterSub.m in Sources */ = {isa = PBXBuildFile; fileRef = 4B5817A32A623536000B674B /* RemoterSub.m */; };
		4B5817AD2A623899000B674B /* TVSubOne.m in Sources */ = {isa = PBXBuildFile; fileRef = 4B5817AC2A623899000B674B /* TVSubOne.m */; };
		4B5817B02A6238A4000B674B /* TVSubTwo.m in Sources */ = {isa = PBXBuildFile; fileRef = 4B5817AF2A6238A4000B674B /* TVSubTwo.m */; };
		4B5817B32A62391A000B674B /* BridgeViewController.m in Sources */ = {isa = PBXBuildFile; fileRef = 4B5817B22A62391A000B674B /* BridgeViewController.m */; };
		4B77B7D42A65465E00E05127 /* Driver.m in Sources */ = {isa = PBXBuildFile; fileRef = 4B77B7D32A65465E00E05127 /* Driver.m */; };
		4B77B7F52A65497D00E05127 /* AudiDriver.m in Sources */ = {isa = PBXBuildFile; fileRef = 4B77B7F42A65497D00E05127 /* AudiDriver.m */; };
		4B77B7F82A65498B00E05127 /* BMWDriver.m in Sources */ = {isa = PBXBuildFile; fileRef = 4B77B7F72A65498B00E05127 /* BMWDriver.m */; };
		4B77B7FB2A65499300E05127 /* BenzDriver.m in Sources */ = {isa = PBXBuildFile; fileRef = 4B77B7FA2A65499300E05127 /* BenzDriver.m */; };
		4B77B8072A654B2000E05127 /* AbstractFactory.m in Sources */ = {isa = PBXBuildFile; fileRef = 4B77B8062A654B2000E05127 /* AbstractFactory.m */; };
		4B77B80A2A655C8B00E05127 /* AudiAbstractFactory.m in Sources */ = {isa = PBXBuildFile; fileRef = 4B77B8092A655C8B00E05127 /* AudiAbstractFactory.m */; };
		4B77B80D2A655C9800E05127 /* BMWAbstractFactory.m in Sources */ = {isa = PBXBuildFile; fileRef = 4B77B80C2A655C9800E05127 /* BMWAbstractFactory.m */; };
		4B77B8102A655CA300E05127 /* BenzAbstractFactory.m in Sources */ = {isa = PBXBuildFile; fileRef = 4B77B80F2A655CA300E05127 /* BenzAbstractFactory.m */; };
		4B77B8142A655D8300E05127 /* AbstractFactoryViewController.m in Sources */ = {isa = PBXBuildFile; fileRef = 4B77B8132A655D8300E05127 /* AbstractFactoryViewController.m */; };
		4BA118272A63BA6F00D80C01 /* FactoryMethodViewController.m in Sources */ = {isa = PBXBuildFile; fileRef = 4BA118062A63BA6F00D80C01 /* FactoryMethodViewController.m */; };
		4BA118292A63BA6F00D80C01 /* AudiFactoryMethod.m in Sources */ = {isa = PBXBuildFile; fileRef = 4BA1180C2A63BA6F00D80C01 /* AudiFactoryMethod.m */; };
		4BA1182A2A63BA6F00D80C01 /* BMWFactoryMethod.m in Sources */ = {isa = PBXBuildFile; fileRef = 4BA1180E2A63BA6F00D80C01 /* BMWFactoryMethod.m */; };
		4BA1182B2A63BA6F00D80C01 /* CarFactoryMethod.m in Sources */ = {isa = PBXBuildFile; fileRef = 4BA1180F2A63BA6F00D80C01 /* CarFactoryMethod.m */; };
		4BA1182C2A63BA6F00D80C01 /* BenzFactoryMethod.m in Sources */ = {isa = PBXBuildFile; fileRef = 4BA118112A63BA6F00D80C01 /* BenzFactoryMethod.m */; };
		4BA1182D2A63BA6F00D80C01 /* SimpleFactoryViewController.m in Sources */ = {isa = PBXBuildFile; fileRef = 4BA118152A63BA6F00D80C01 /* SimpleFactoryViewController.m */; };
		4BA1182E2A63BA6F00D80C01 /* Benz.m in Sources */ = {isa = PBXBuildFile; fileRef = 4BA118182A63BA6F00D80C01 /* Benz.m */; };
		4BA1182F2A63BA6F00D80C01 /* Audi.m in Sources */ = {isa = PBXBuildFile; fileRef = 4BA118192A63BA6F00D80C01 /* Audi.m */; };
		4BA118302A63BA6F00D80C01 /* BMW.m in Sources */ = {isa = PBXBuildFile; fileRef = 4BA1181B2A63BA6F00D80C01 /* BMW.m */; };
		4BA118312A63BA6F00D80C01 /* Car.m in Sources */ = {isa = PBXBuildFile; fileRef = 4BA1181F2A63BA6F00D80C01 /* Car.m */; };
		4BA118322A63BA6F00D80C01 /* CarFactory.m in Sources */ = {isa = PBXBuildFile; fileRef = 4BA118222A63BA6F00D80C01 /* CarFactory.m */; };
		4BCB5FC12A6D2F0700871777 /* MoneyOfDollor.m in Sources */ = {isa = PBXBuildFile; fileRef = 4BCB5FC02A6D2F0700871777 /* MoneyOfDollor.m */; };
		4BCB5FC82A6D30C900871777 /* AdapterOfDollor.m in Sources */ = {isa = PBXBuildFile; fileRef = 4BCB5FC72A6D30C900871777 /* AdapterOfDollor.m */; };
		4BCB5FCD2A6D361F00871777 /* AdapterOfDollorByObjc.m in Sources */ = {isa = PBXBuildFile; fileRef = 4BCB5FCC2A6D361F00871777 /* AdapterOfDollorByObjc.m */; };
		4BCB5FD12A6D382B00871777 /* AdapterViewController.m in Sources */ = {isa = PBXBuildFile; fileRef = 4BCB5FD02A6D382B00871777 /* AdapterViewController.m */; };
/* End PBXBuildFile section */

/* Begin PBXFileReference section */
		4B5817732A62330C000B674B /* DesignPatterns.app */ = {isa = PBXFileReference; explicitFileType = wrapper.application; includeInIndex = 0; path = DesignPatterns.app; sourceTree = BUILT_PRODUCTS_DIR; };
		4B5817762A62330C000B674B /* AppDelegate.h */ = {isa = PBXFileReference; lastKnownFileType = sourcecode.c.h; path = AppDelegate.h; sourceTree = "<group>"; };
		4B5817772A62330C000B674B /* AppDelegate.m */ = {isa = PBXFileReference; lastKnownFileType = sourcecode.c.objc; path = AppDelegate.m; sourceTree = "<group>"; };
		4B5817792A62330C000B674B /* SceneDelegate.h */ = {isa = PBXFileReference; lastKnownFileType = sourcecode.c.h; path = SceneDelegate.h; sourceTree = "<group>"; };
		4B58177A2A62330C000B674B /* SceneDelegate.m */ = {isa = PBXFileReference; lastKnownFileType = sourcecode.c.objc; path = SceneDelegate.m; sourceTree = "<group>"; };
		4B58177C2A62330C000B674B /* ViewController.h */ = {isa = PBXFileReference; lastKnownFileType = sourcecode.c.h; path = ViewController.h; sourceTree = "<group>"; };
		4B58177D2A62330C000B674B /* ViewController.m */ = {isa = PBXFileReference; lastKnownFileType = sourcecode.c.objc; path = ViewController.m; sourceTree = "<group>"; };
		4B5817802A62330C000B674B /* Base */ = {isa = PBXFileReference; lastKnownFileType = file.storyboard; name = Base; path = Base.lproj/Main.storyboard; sourceTree = "<group>"; };
		4B5817822A62330E000B674B /* Assets.xcassets */ = {isa = PBXFileReference; lastKnownFileType = folder.assetcatalog; path = Assets.xcassets; sourceTree = "<group>"; };
		4B5817852A62330E000B674B /* Base */ = {isa = PBXFileReference; lastKnownFileType = file.storyboard; name = Base; path = Base.lproj/LaunchScreen.storyboard; sourceTree = "<group>"; };
		4B5817872A62330E000B674B /* Info.plist */ = {isa = PBXFileReference; lastKnownFileType = text.plist.xml; path = Info.plist; sourceTree = "<group>"; };
		4B5817882A62330E000B674B /* main.m */ = {isa = PBXFileReference; lastKnownFileType = sourcecode.c.objc; path = main.m; sourceTree = "<group>"; };
		4B5817902A62336A000B674B /* RemoterBase.h */ = {isa = PBXFileReference; lastKnownFileType = sourcecode.c.h; path = RemoterBase.h; sourceTree = "<group>"; };
		4B5817912A62336A000B674B /* RemoterBase.m */ = {isa = PBXFileReference; lastKnownFileType = sourcecode.c.objc; path = RemoterBase.m; sourceTree = "<group>"; };
		4B5817932A6233B0000B674B /* TVBase.h */ = {isa = PBXFileReference; lastKnownFileType = sourcecode.c.h; path = TVBase.h; sourceTree = "<group>"; };
		4B5817942A6233B0000B674B /* TVBase.m */ = {isa = PBXFileReference; lastKnownFileType = sourcecode.c.objc; path = TVBase.m; sourceTree = "<group>"; };
		4B5817A22A623536000B674B /* RemoterSub.h */ = {isa = PBXFileReference; lastKnownFileType = sourcecode.c.h; path = RemoterSub.h; sourceTree = "<group>"; };
		4B5817A32A623536000B674B /* RemoterSub.m */ = {isa = PBXFileReference; lastKnownFileType = sourcecode.c.objc; path = RemoterSub.m; sourceTree = "<group>"; };
		4B5817AB2A623899000B674B /* TVSubOne.h */ = {isa = PBXFileReference; lastKnownFileType = sourcecode.c.h; path = TVSubOne.h; sourceTree = "<group>"; };
		4B5817AC2A623899000B674B /* TVSubOne.m */ = {isa = PBXFileReference; lastKnownFileType = sourcecode.c.objc; path = TVSubOne.m; sourceTree = "<group>"; };
		4B5817AE2A6238A4000B674B /* TVSubTwo.h */ = {isa = PBXFileReference; lastKnownFileType = sourcecode.c.h; path = TVSubTwo.h; sourceTree = "<group>"; };
		4B5817AF2A6238A4000B674B /* TVSubTwo.m */ = {isa = PBXFileReference; lastKnownFileType = sourcecode.c.objc; path = TVSubTwo.m; sourceTree = "<group>"; };
		4B5817B12A62391A000B674B /* BridgeViewController.h */ = {isa = PBXFileReference; lastKnownFileType = sourcecode.c.h; path = BridgeViewController.h; sourceTree = "<group>"; };
		4B5817B22A62391A000B674B /* BridgeViewController.m */ = {isa = PBXFileReference; lastKnownFileType = sourcecode.c.objc; path = BridgeViewController.m; sourceTree = "<group>"; };
		4B77B7D22A65465E00E05127 /* Driver.h */ = {isa = PBXFileReference; lastKnownFileType = sourcecode.c.h; path = Driver.h; sourceTree = "<group>"; };
		4B77B7D32A65465E00E05127 /* Driver.m */ = {isa = PBXFileReference; lastKnownFileType = sourcecode.c.objc; path = Driver.m; sourceTree = "<group>"; };
		4B77B7F32A65497D00E05127 /* AudiDriver.h */ = {isa = PBXFileReference; lastKnownFileType = sourcecode.c.h; path = AudiDriver.h; sourceTree = "<group>"; };
		4B77B7F42A65497D00E05127 /* AudiDriver.m */ = {isa = PBXFileReference; lastKnownFileType = sourcecode.c.objc; path = AudiDriver.m; sourceTree = "<group>"; };
		4B77B7F62A65498B00E05127 /* BMWDriver.h */ = {isa = PBXFileReference; lastKnownFileType = sourcecode.c.h; path = BMWDriver.h; sourceTree = "<group>"; };
		4B77B7F72A65498B00E05127 /* BMWDriver.m */ = {isa = PBXFileReference; lastKnownFileType = sourcecode.c.objc; path = BMWDriver.m; sourceTree = "<group>"; };
		4B77B7F92A65499300E05127 /* BenzDriver.h */ = {isa = PBXFileReference; lastKnownFileType = sourcecode.c.h; path = BenzDriver.h; sourceTree = "<group>"; };
		4B77B7FA2A65499300E05127 /* BenzDriver.m */ = {isa = PBXFileReference; lastKnownFileType = sourcecode.c.objc; path = BenzDriver.m; sourceTree = "<group>"; };
		4B77B8052A654B2000E05127 /* AbstractFactory.h */ = {isa = PBXFileReference; lastKnownFileType = sourcecode.c.h; path = AbstractFactory.h; sourceTree = "<group>"; };
		4B77B8062A654B2000E05127 /* AbstractFactory.m */ = {isa = PBXFileReference; lastKnownFileType = sourcecode.c.objc; path = AbstractFactory.m; sourceTree = "<group>"; };
		4B77B8082A655C8B00E05127 /* AudiAbstractFactory.h */ = {isa = PBXFileReference; lastKnownFileType = sourcecode.c.h; path = AudiAbstractFactory.h; sourceTree = "<group>"; };
		4B77B8092A655C8B00E05127 /* AudiAbstractFactory.m */ = {isa = PBXFileReference; lastKnownFileType = sourcecode.c.objc; path = AudiAbstractFactory.m; sourceTree = "<group>"; };
		4B77B80B2A655C9800E05127 /* BMWAbstractFactory.h */ = {isa = PBXFileReference; lastKnownFileType = sourcecode.c.h; path = BMWAbstractFactory.h; sourceTree = "<group>"; };
		4B77B80C2A655C9800E05127 /* BMWAbstractFactory.m */ = {isa = PBXFileReference; lastKnownFileType = sourcecode.c.objc; path = BMWAbstractFactory.m; sourceTree = "<group>"; };
		4B77B80E2A655CA300E05127 /* BenzAbstractFactory.h */ = {isa = PBXFileReference; lastKnownFileType = sourcecode.c.h; path = BenzAbstractFactory.h; sourceTree = "<group>"; };
		4B77B80F2A655CA300E05127 /* BenzAbstractFactory.m */ = {isa = PBXFileReference; lastKnownFileType = sourcecode.c.objc; path = BenzAbstractFactory.m; sourceTree = "<group>"; };
		4B77B8122A655D8300E05127 /* AbstractFactoryViewController.h */ = {isa = PBXFileReference; lastKnownFileType = sourcecode.c.h; path = AbstractFactoryViewController.h; sourceTree = "<group>"; };
		4B77B8132A655D8300E05127 /* AbstractFactoryViewController.m */ = {isa = PBXFileReference; lastKnownFileType = sourcecode.c.objc; path = AbstractFactoryViewController.m; sourceTree = "<group>"; };
		4BA118062A63BA6F00D80C01 /* FactoryMethodViewController.m */ = {isa = PBXFileReference; fileEncoding = 4; lastKnownFileType = sourcecode.c.objc; path = FactoryMethodViewController.m; sourceTree = "<group>"; };
		4BA1180A2A63BA6F00D80C01 /* FactoryMethodViewController.h */ = {isa = PBXFileReference; fileEncoding = 4; lastKnownFileType = sourcecode.c.h; path = FactoryMethodViewController.h; sourceTree = "<group>"; };
		4BA1180C2A63BA6F00D80C01 /* AudiFactoryMethod.m */ = {isa = PBXFileReference; fileEncoding = 4; lastKnownFileType = sourcecode.c.objc; path = AudiFactoryMethod.m; sourceTree = "<group>"; };
		4BA1180D2A63BA6F00D80C01 /* BenzFactoryMethod.h */ = {isa = PBXFileReference; fileEncoding = 4; lastKnownFileType = sourcecode.c.h; path = BenzFactoryMethod.h; sourceTree = "<group>"; };
		4BA1180E2A63BA6F00D80C01 /* BMWFactoryMethod.m */ = {isa = PBXFileReference; fileEncoding = 4; lastKnownFileType = sourcecode.c.objc; path = BMWFactoryMethod.m; sourceTree = "<group>"; };
		4BA1180F2A63BA6F00D80C01 /* CarFactoryMethod.m */ = {isa = PBXFileReference; fileEncoding = 4; lastKnownFileType = sourcecode.c.objc; path = CarFactoryMethod.m; sourceTree = "<group>"; };
		4BA118102A63BA6F00D80C01 /* AudiFactoryMethod.h */ = {isa = PBXFileReference; fileEncoding = 4; lastKnownFileType = sourcecode.c.h; path = AudiFactoryMethod.h; sourceTree = "<group>"; };
		4BA118112A63BA6F00D80C01 /* BenzFactoryMethod.m */ = {isa = PBXFileReference; fileEncoding = 4; lastKnownFileType = sourcecode.c.objc; path = BenzFactoryMethod.m; sourceTree = "<group>"; };
		4BA118122A63BA6F00D80C01 /* BMWFactoryMethod.h */ = {isa = PBXFileReference; fileEncoding = 4; lastKnownFileType = sourcecode.c.h; path = BMWFactoryMethod.h; sourceTree = "<group>"; };
		4BA118132A63BA6F00D80C01 /* CarFactoryMethod.h */ = {isa = PBXFileReference; fileEncoding = 4; lastKnownFileType = sourcecode.c.h; path = CarFactoryMethod.h; sourceTree = "<group>"; };
		4BA118152A63BA6F00D80C01 /* SimpleFactoryViewController.m */ = {isa = PBXFileReference; fileEncoding = 4; lastKnownFileType = sourcecode.c.objc; path = SimpleFactoryViewController.m; sourceTree = "<group>"; };
		4BA118172A63BA6F00D80C01 /* BMW.h */ = {isa = PBXFileReference; fileEncoding = 4; lastKnownFileType = sourcecode.c.h; path = BMW.h; sourceTree = "<group>"; };
		4BA118182A63BA6F00D80C01 /* Benz.m */ = {isa = PBXFileReference; fileEncoding = 4; lastKnownFileType = sourcecode.c.objc; path = Benz.m; sourceTree = "<group>"; };
		4BA118192A63BA6F00D80C01 /* Audi.m */ = {isa = PBXFileReference; fileEncoding = 4; lastKnownFileType = sourcecode.c.objc; path = Audi.m; sourceTree = "<group>"; };
		4BA1181A2A63BA6F00D80C01 /* Benz.h */ = {isa = PBXFileReference; fileEncoding = 4; lastKnownFileType = sourcecode.c.h; path = Benz.h; sourceTree = "<group>"; };
		4BA1181B2A63BA6F00D80C01 /* BMW.m */ = {isa = PBXFileReference; fileEncoding = 4; lastKnownFileType = sourcecode.c.objc; path = BMW.m; sourceTree = "<group>"; };
		4BA1181C2A63BA6F00D80C01 /* Audi.h */ = {isa = PBXFileReference; fileEncoding = 4; lastKnownFileType = sourcecode.c.h; path = Audi.h; sourceTree = "<group>"; };
		4BA1181E2A63BA6F00D80C01 /* Car.h */ = {isa = PBXFileReference; fileEncoding = 4; lastKnownFileType = sourcecode.c.h; path = Car.h; sourceTree = "<group>"; };
		4BA1181F2A63BA6F00D80C01 /* Car.m */ = {isa = PBXFileReference; fileEncoding = 4; lastKnownFileType = sourcecode.c.objc; path = Car.m; sourceTree = "<group>"; };
		4BA118202A63BA6F00D80C01 /* SimpleFactoryViewController.h */ = {isa = PBXFileReference; fileEncoding = 4; lastKnownFileType = sourcecode.c.h; path = SimpleFactoryViewController.h; sourceTree = "<group>"; };
		4BA118222A63BA6F00D80C01 /* CarFactory.m */ = {isa = PBXFileReference; fileEncoding = 4; lastKnownFileType = sourcecode.c.objc; path = CarFactory.m; sourceTree = "<group>"; };
		4BA118232A63BA6F00D80C01 /* CarFactory.h */ = {isa = PBXFileReference; fileEncoding = 4; lastKnownFileType = sourcecode.c.h; path = CarFactory.h; sourceTree = "<group>"; };
		4BCB5FBF2A6D2F0700871777 /* MoneyOfDollor.h */ = {isa = PBXFileReference; lastKnownFileType = sourcecode.c.h; path = MoneyOfDollor.h; sourceTree = "<group>"; };
		4BCB5FC02A6D2F0700871777 /* MoneyOfDollor.m */ = {isa = PBXFileReference; lastKnownFileType = sourcecode.c.objc; path = MoneyOfDollor.m; sourceTree = "<group>"; };
		4BCB5FC52A6D2FBA00871777 /* MoneyProtocol.h */ = {isa = PBXFileReference; lastKnownFileType = sourcecode.c.h; path = MoneyProtocol.h; sourceTree = "<group>"; };
		4BCB5FC62A6D30C900871777 /* AdapterOfDollor.h */ = {isa = PBXFileReference; lastKnownFileType = sourcecode.c.h; path = AdapterOfDollor.h; sourceTree = "<group>"; };
		4BCB5FC72A6D30C900871777 /* AdapterOfDollor.m */ = {isa = PBXFileReference; lastKnownFileType = sourcecode.c.objc; path = AdapterOfDollor.m; sourceTree = "<group>"; };
		4BCB5FCB2A6D361F00871777 /* AdapterOfDollorByObjc.h */ = {isa = PBXFileReference; lastKnownFileType = sourcecode.c.h; path = AdapterOfDollorByObjc.h; sourceTree = "<group>"; };
		4BCB5FCC2A6D361F00871777 /* AdapterOfDollorByObjc.m */ = {isa = PBXFileReference; lastKnownFileType = sourcecode.c.objc; path = AdapterOfDollorByObjc.m; sourceTree = "<group>"; };
		4BCB5FCF2A6D382B00871777 /* AdapterViewController.h */ = {isa = PBXFileReference; lastKnownFileType = sourcecode.c.h; path = AdapterViewController.h; sourceTree = "<group>"; };
		4BCB5FD02A6D382B00871777 /* AdapterViewController.m */ = {isa = PBXFileReference; lastKnownFileType = sourcecode.c.objc; path = AdapterViewController.m; sourceTree = "<group>"; };
/* End PBXFileReference section */

/* Begin PBXFrameworksBuildPhase section */
		4B5817702A62330C000B674B /* Frameworks */ = {
			isa = PBXFrameworksBuildPhase;
			buildActionMask = 2147483647;
			files = (
			);
			runOnlyForDeploymentPostprocessing = 0;
		};
/* End PBXFrameworksBuildPhase section */

/* Begin PBXGroup section */
		4B58176A2A62330C000B674B = {
			isa = PBXGroup;
			children = (
				4B5817752A62330C000B674B /* DesignPatterns */,
				4B5817742A62330C000B674B /* Products */,
			);
			sourceTree = "<group>";
		};
		4B5817742A62330C000B674B /* Products */ = {
			isa = PBXGroup;
			children = (
				4B5817732A62330C000B674B /* DesignPatterns.app */,
			);
			name = Products;
			sourceTree = "<group>";
		};
		4B5817752A62330C000B674B /* DesignPatterns */ = {
			isa = PBXGroup;
			children = (
				4BCB5FBE2A6D2ECA00871777 /* 适配器模式 */,
				4BA117FD2A63BA4E00D80C01 /* 工厂模式 */,
				4B58178F2A623332000B674B /* 桥接模式 */,
				4B5817762A62330C000B674B /* AppDelegate.h */,
				4B5817772A62330C000B674B /* AppDelegate.m */,
				4B5817792A62330C000B674B /* SceneDelegate.h */,
				4B58177A2A62330C000B674B /* SceneDelegate.m */,
				4B58177C2A62330C000B674B /* ViewController.h */,
				4B58177D2A62330C000B674B /* ViewController.m */,
				4B58177F2A62330C000B674B /* Main.storyboard */,
				4B5817822A62330E000B674B /* Assets.xcassets */,
				4B5817842A62330E000B674B /* LaunchScreen.storyboard */,
				4B5817872A62330E000B674B /* Info.plist */,
				4B5817882A62330E000B674B /* main.m */,
			);
			path = DesignPatterns;
			sourceTree = "<group>";
		};
		4B58178F2A623332000B674B /* 桥接模式 */ = {
			isa = PBXGroup;
			children = (
				4B5817962A623427000B674B /* BaseClass */,
				4B5817972A623447000B674B /* SubClass */,
				4B5817B12A62391A000B674B /* BridgeViewController.h */,
				4B5817B22A62391A000B674B /* BridgeViewController.m */,
			);
			path = "桥接模式";
			sourceTree = "<group>";
		};
		4B5817962A623427000B674B /* BaseClass */ = {
			isa = PBXGroup;
			children = (
				4B5817902A62336A000B674B /* RemoterBase.h */,
				4B5817912A62336A000B674B /* RemoterBase.m */,
				4B5817932A6233B0000B674B /* TVBase.h */,
				4B5817942A6233B0000B674B /* TVBase.m */,
			);
			path = BaseClass;
			sourceTree = "<group>";
		};
		4B5817972A623447000B674B /* SubClass */ = {
			isa = PBXGroup;
			children = (
				4B5817A22A623536000B674B /* RemoterSub.h */,
				4B5817A32A623536000B674B /* RemoterSub.m */,
				4B5817AB2A623899000B674B /* TVSubOne.h */,
				4B5817AC2A623899000B674B /* TVSubOne.m */,
				4B5817AE2A6238A4000B674B /* TVSubTwo.h */,
				4B5817AF2A6238A4000B674B /* TVSubTwo.m */,
			);
			path = SubClass;
			sourceTree = "<group>";
		};
		4B77B7E32A65474E00E05127 /* DirverCompanyFactory */ = {
			isa = PBXGroup;
			children = (
				4B77B8052A654B2000E05127 /* AbstractFactory.h */,
				4B77B8062A654B2000E05127 /* AbstractFactory.m */,
				4B77B8082A655C8B00E05127 /* AudiAbstractFactory.h */,
				4B77B8092A655C8B00E05127 /* AudiAbstractFactory.m */,
				4B77B80B2A655C9800E05127 /* BMWAbstractFactory.h */,
				4B77B80C2A655C9800E05127 /* BMWAbstractFactory.m */,
				4B77B80E2A655CA300E05127 /* BenzAbstractFactory.h */,
				4B77B80F2A655CA300E05127 /* BenzAbstractFactory.m */,
			);
			path = DirverCompanyFactory;
			sourceTree = "<group>";
		};
		4B77B7ED2A6548F200E05127 /* CarClass */ = {
			isa = PBXGroup;
			children = (
				4B77B7EE2A65490800E05127 /* BaseClass */,
				4B77B7EF2A65491300E05127 /* SubClass */,
			);
			path = CarClass;
			sourceTree = "<group>";
		};
		4B77B7EE2A65490800E05127 /* BaseClass */ = {
			isa = PBXGroup;
			children = (
				4BA1181E2A63BA6F00D80C01 /* Car.h */,
				4BA1181F2A63BA6F00D80C01 /* Car.m */,
			);
			path = BaseClass;
			sourceTree = "<group>";
		};
		4B77B7EF2A65491300E05127 /* SubClass */ = {
			isa = PBXGroup;
			children = (
				4BA1181C2A63BA6F00D80C01 /* Audi.h */,
				4BA118192A63BA6F00D80C01 /* Audi.m */,
				4BA118172A63BA6F00D80C01 /* BMW.h */,
				4BA1181B2A63BA6F00D80C01 /* BMW.m */,
				4BA1181A2A63BA6F00D80C01 /* Benz.h */,
				4BA118182A63BA6F00D80C01 /* Benz.m */,
			);
			path = SubClass;
			sourceTree = "<group>";
		};
		4B77B7F02A65493900E05127 /* DriverClass */ = {
			isa = PBXGroup;
			children = (
				4B77B7F12A65494100E05127 /* BaseClass */,
				4B77B7F22A65494800E05127 /* SubClass */,
			);
			path = DriverClass;
			sourceTree = "<group>";
		};
		4B77B7F12A65494100E05127 /* BaseClass */ = {
			isa = PBXGroup;
			children = (
				4B77B7D22A65465E00E05127 /* Driver.h */,
				4B77B7D32A65465E00E05127 /* Driver.m */,
			);
			path = BaseClass;
			sourceTree = "<group>";
		};
		4B77B7F22A65494800E05127 /* SubClass */ = {
			isa = PBXGroup;
			children = (
				4B77B7F32A65497D00E05127 /* AudiDriver.h */,
				4B77B7F42A65497D00E05127 /* AudiDriver.m */,
				4B77B7F62A65498B00E05127 /* BMWDriver.h */,
				4B77B7F72A65498B00E05127 /* BMWDriver.m */,
				4B77B7F92A65499300E05127 /* BenzDriver.h */,
				4B77B7FA2A65499300E05127 /* BenzDriver.m */,
			);
			path = SubClass;
			sourceTree = "<group>";
		};
		4B77B8112A655D5C00E05127 /* VC */ = {
			isa = PBXGroup;
			children = (
				4B77B8122A655D8300E05127 /* AbstractFactoryViewController.h */,
				4B77B8132A655D8300E05127 /* AbstractFactoryViewController.m */,
			);
			path = VC;
			sourceTree = "<group>";
		};
		4BA117FD2A63BA4E00D80C01 /* 工厂模式 */ = {
			isa = PBXGroup;
			children = (
				4B77B7F02A65493900E05127 /* DriverClass */,
				4B77B7ED2A6548F200E05127 /* CarClass */,
				4BA118142A63BA6F00D80C01 /* 简单工厂模式 */,
				4BA117FE2A63BA6F00D80C01 /* 工厂方法模式 */,
				4BA118352A63BFA300D80C01 /* 抽象工厂模式 */,
			);
			path = "工厂模式";
			sourceTree = "<group>";
		};
		4BA117FE2A63BA6F00D80C01 /* 工厂方法模式 */ = {
			isa = PBXGroup;
			children = (
				4BA1180B2A63BA6F00D80C01 /* FactoryMethod */,
				4BA118332A63BAB200D80C01 /* VC */,
			);
			path = "工厂方法模式";
			sourceTree = "<group>";
		};
		4BA1180B2A63BA6F00D80C01 /* FactoryMethod */ = {
			isa = PBXGroup;
			children = (
				4BA118132A63BA6F00D80C01 /* CarFactoryMethod.h */,
				4BA1180F2A63BA6F00D80C01 /* CarFactoryMethod.m */,
				4BA118102A63BA6F00D80C01 /* AudiFactoryMethod.h */,
				4BA1180C2A63BA6F00D80C01 /* AudiFactoryMethod.m */,
				4BA118122A63BA6F00D80C01 /* BMWFactoryMethod.h */,
				4BA1180E2A63BA6F00D80C01 /* BMWFactoryMethod.m */,
				4BA1180D2A63BA6F00D80C01 /* BenzFactoryMethod.h */,
				4BA118112A63BA6F00D80C01 /* BenzFactoryMethod.m */,
			);
			path = FactoryMethod;
			sourceTree = "<group>";
		};
		4BA118142A63BA6F00D80C01 /* 简单工厂模式 */ = {
			isa = PBXGroup;
			children = (
				4BA118212A63BA6F00D80C01 /* Factory */,
				4BA118342A63BAC600D80C01 /* VC */,
			);
			path = "简单工厂模式";
			sourceTree = "<group>";
		};
		4BA118212A63BA6F00D80C01 /* Factory */ = {
			isa = PBXGroup;
			children = (
				4BA118232A63BA6F00D80C01 /* CarFactory.h */,
				4BA118222A63BA6F00D80C01 /* CarFactory.m */,
			);
			path = Factory;
			sourceTree = "<group>";
		};
		4BA118332A63BAB200D80C01 /* VC */ = {
			isa = PBXGroup;
			children = (
				4BA1180A2A63BA6F00D80C01 /* FactoryMethodViewController.h */,
				4BA118062A63BA6F00D80C01 /* FactoryMethodViewController.m */,
			);
			path = VC;
			sourceTree = "<group>";
		};
		4BA118342A63BAC600D80C01 /* VC */ = {
			isa = PBXGroup;
			children = (
				4BA118202A63BA6F00D80C01 /* SimpleFactoryViewController.h */,
				4BA118152A63BA6F00D80C01 /* SimpleFactoryViewController.m */,
			);
			path = VC;
			sourceTree = "<group>";
		};
		4BA118352A63BFA300D80C01 /* 抽象工厂模式 */ = {
			isa = PBXGroup;
			children = (
				4B77B8112A655D5C00E05127 /* VC */,
				4B77B7E32A65474E00E05127 /* DirverCompanyFactory */,
			);
			path = "抽象工厂模式";
			sourceTree = "<group>";
		};
		4BCB5FBE2A6D2ECA00871777 /* 适配器模式 */ = {
			isa = PBXGroup;
			children = (
				4BCB5FC52A6D2FBA00871777 /* MoneyProtocol.h */,
				4BCB5FBF2A6D2F0700871777 /* MoneyOfDollor.h */,
				4BCB5FC02A6D2F0700871777 /* MoneyOfDollor.m */,
				4BCB5FC92A6D351C00871777 /* 类适配器 */,
				4BCB5FCA2A6D352700871777 /* 对象适配器 */,
				4BCB5FCE2A6D381800871777 /* VC */,
			);
			path = "适配器模式";
			sourceTree = "<group>";
		};
		4BCB5FC92A6D351C00871777 /* 类适配器 */ = {
			isa = PBXGroup;
			children = (
				4BCB5FC62A6D30C900871777 /* AdapterOfDollor.h */,
				4BCB5FC72A6D30C900871777 /* AdapterOfDollor.m */,
			);
			path = "类适配器";
			sourceTree = "<group>";
		};
		4BCB5FCA2A6D352700871777 /* 对象适配器 */ = {
			isa = PBXGroup;
			children = (
				4BCB5FCB2A6D361F00871777 /* AdapterOfDollorByObjc.h */,
				4BCB5FCC2A6D361F00871777 /* AdapterOfDollorByObjc.m */,
			);
			path = "对象适配器";
			sourceTree = "<group>";
		};
		4BCB5FCE2A6D381800871777 /* VC */ = {
			isa = PBXGroup;
			children = (
				4BCB5FCF2A6D382B00871777 /* AdapterViewController.h */,
				4BCB5FD02A6D382B00871777 /* AdapterViewController.m */,
			);
			path = VC;
			sourceTree = "<group>";
		};
/* End PBXGroup section */

/* Begin PBXNativeTarget section */
		4B5817722A62330C000B674B /* DesignPatterns */ = {
			isa = PBXNativeTarget;
			buildConfigurationList = 4B58178C2A62330E000B674B /* Build configuration list for PBXNativeTarget "DesignPatterns" */;
			buildPhases = (
				4B58176F2A62330C000B674B /* Sources */,
				4B5817702A62330C000B674B /* Frameworks */,
				4B5817712A62330C000B674B /* Resources */,
			);
			buildRules = (
			);
			dependencies = (
			);
			name = DesignPatterns;
			productName = DesignPatterns;
			productReference = 4B5817732A62330C000B674B /* DesignPatterns.app */;
			productType = "com.apple.product-type.application";
		};
/* End PBXNativeTarget section */

/* Begin PBXProject section */
		4B58176B2A62330C000B674B /* Project object */ = {
			isa = PBXProject;
			attributes = {
				BuildIndependentTargetsInParallel = 1;
				LastUpgradeCheck = 1420;
				TargetAttributes = {
					4B5817722A62330C000B674B = {
						CreatedOnToolsVersion = 14.2;
					};
				};
			};
			buildConfigurationList = 4B58176E2A62330C000B674B /* Build configuration list for PBXProject "DesignPatterns" */;
			compatibilityVersion = "Xcode 14.0";
			developmentRegion = en;
			hasScannedForEncodings = 0;
			knownRegions = (
				en,
				Base,
			);
			mainGroup = 4B58176A2A62330C000B674B;
			productRefGroup = 4B5817742A62330C000B674B /* Products */;
			projectDirPath = "";
			projectRoot = "";
			targets = (
				4B5817722A62330C000B674B /* DesignPatterns */,
			);
		};
/* End PBXProject section */

/* Begin PBXResourcesBuildPhase section */
		4B5817712A62330C000B674B /* Resources */ = {
			isa = PBXResourcesBuildPhase;
			buildActionMask = 2147483647;
			files = (
				4B5817862A62330E000B674B /* LaunchScreen.storyboard in Resources */,
				4B5817832A62330E000B674B /* Assets.xcassets in Resources */,
				4B5817812A62330C000B674B /* Main.storyboard in Resources */,
			);
			runOnlyForDeploymentPostprocessing = 0;
		};
/* End PBXResourcesBuildPhase section */

/* Begin PBXSourcesBuildPhase section */
		4B58176F2A62330C000B674B /* Sources */ = {
			isa = PBXSourcesBuildPhase;
			buildActionMask = 2147483647;
			files = (
				4BA118302A63BA6F00D80C01 /* BMW.m in Sources */,
				4B5817A42A623536000B674B /* RemoterSub.m in Sources */,
				4BA118292A63BA6F00D80C01 /* AudiFactoryMethod.m in Sources */,
				4B77B8142A655D8300E05127 /* AbstractFactoryViewController.m in Sources */,
				4BA118312A63BA6F00D80C01 /* Car.m in Sources */,
				4B77B8072A654B2000E05127 /* AbstractFactory.m in Sources */,
				4BA1182D2A63BA6F00D80C01 /* SimpleFactoryViewController.m in Sources */,
				4B77B7F52A65497D00E05127 /* AudiDriver.m in Sources */,
				4B58177E2A62330C000B674B /* ViewController.m in Sources */,
				4BA1182C2A63BA6F00D80C01 /* BenzFactoryMethod.m in Sources */,
				4B77B80D2A655C9800E05127 /* BMWAbstractFactory.m in Sources */,
				4BA1182F2A63BA6F00D80C01 /* Audi.m in Sources */,
				4B5817952A6233B0000B674B /* TVBase.m in Sources */,
				4B5817B32A62391A000B674B /* BridgeViewController.m in Sources */,
				4BCB5FC82A6D30C900871777 /* AdapterOfDollor.m in Sources */,
				4B77B80A2A655C8B00E05127 /* AudiAbstractFactory.m in Sources */,
				4BCB5FC12A6D2F0700871777 /* MoneyOfDollor.m in Sources */,
				4BA1182E2A63BA6F00D80C01 /* Benz.m in Sources */,
				4BA118272A63BA6F00D80C01 /* FactoryMethodViewController.m in Sources */,
				4BA1182B2A63BA6F00D80C01 /* CarFactoryMethod.m in Sources */,
				4B5817AD2A623899000B674B /* TVSubOne.m in Sources */,
				4BA118322A63BA6F00D80C01 /* CarFactory.m in Sources */,
				4B77B7FB2A65499300E05127 /* BenzDriver.m in Sources */,
				4B77B7F82A65498B00E05127 /* BMWDriver.m in Sources */,
				4B77B7D42A65465E00E05127 /* Driver.m in Sources */,
				4B5817922A62336A000B674B /* RemoterBase.m in Sources */,
				4BCB5FCD2A6D361F00871777 /* AdapterOfDollorByObjc.m in Sources */,
				4BA1182A2A63BA6F00D80C01 /* BMWFactoryMethod.m in Sources */,
				4B5817782A62330C000B674B /* AppDelegate.m in Sources */,
				4B5817892A62330E000B674B /* main.m in Sources */,
				4B77B8102A655CA300E05127 /* BenzAbstractFactory.m in Sources */,
				4B5817B02A6238A4000B674B /* TVSubTwo.m in Sources */,
				4BCB5FD12A6D382B00871777 /* AdapterViewController.m in Sources */,
				4B58177B2A62330C000B674B /* SceneDelegate.m in Sources */,
			);
			runOnlyForDeploymentPostprocessing = 0;
		};
/* End PBXSourcesBuildPhase section */

/* Begin PBXVariantGroup section */
		4B58177F2A62330C000B674B /* Main.storyboard */ = {
			isa = PBXVariantGroup;
			children = (
				4B5817802A62330C000B674B /* Base */,
			);
			name = Main.storyboard;
			sourceTree = "<group>";
		};
		4B5817842A62330E000B674B /* LaunchScreen.storyboard */ = {
			isa = PBXVariantGroup;
			children = (
				4B5817852A62330E000B674B /* Base */,
			);
			name = LaunchScreen.storyboard;
			sourceTree = "<group>";
		};
/* End PBXVariantGroup section */

/* Begin XCBuildConfiguration section */
		4B58178A2A62330E000B674B /* Debug */ = {
			isa = XCBuildConfiguration;
			buildSettings = {
				ALWAYS_SEARCH_USER_PATHS = NO;
				CLANG_ANALYZER_NONNULL = YES;
				CLANG_ANALYZER_NUMBER_OBJECT_CONVERSION = YES_AGGRESSIVE;
				CLANG_CXX_LANGUAGE_STANDARD = "gnu++20";
				CLANG_ENABLE_MODULES = YES;
				CLANG_ENABLE_OBJC_ARC = YES;
				CLANG_ENABLE_OBJC_WEAK = YES;
				CLANG_WARN_BLOCK_CAPTURE_AUTORELEASING = YES;
				CLANG_WARN_BOOL_CONVERSION = YES;
				CLANG_WARN_COMMA = YES;
				CLANG_WARN_CONSTANT_CONVERSION = YES;
				CLANG_WARN_DEPRECATED_OBJC_IMPLEMENTATIONS = YES;
				CLANG_WARN_DIRECT_OBJC_ISA_USAGE = YES_ERROR;
				CLANG_WARN_DOCUMENTATION_COMMENTS = YES;
				CLANG_WARN_EMPTY_BODY = YES;
				CLANG_WARN_ENUM_CONVERSION = YES;
				CLANG_WARN_INFINITE_RECURSION = YES;
				CLANG_WARN_INT_CONVERSION = YES;
				CLANG_WARN_NON_LITERAL_NULL_CONVERSION = YES;
				CLANG_WARN_OBJC_IMPLICIT_RETAIN_SELF = YES;
				CLANG_WARN_OBJC_LITERAL_CONVERSION = YES;
				CLANG_WARN_OBJC_ROOT_CLASS = YES_ERROR;
				CLANG_WARN_QUOTED_INCLUDE_IN_FRAMEWORK_HEADER = YES;
				CLANG_WARN_RANGE_LOOP_ANALYSIS = YES;
				CLANG_WARN_STRICT_PROTOTYPES = YES;
				CLANG_WARN_SUSPICIOUS_MOVE = YES;
				CLANG_WARN_UNGUARDED_AVAILABILITY = YES_AGGRESSIVE;
				CLANG_WARN_UNREACHABLE_CODE = YES;
				CLANG_WARN__DUPLICATE_METHOD_MATCH = YES;
				COPY_PHASE_STRIP = NO;
				DEBUG_INFORMATION_FORMAT = dwarf;
				ENABLE_STRICT_OBJC_MSGSEND = YES;
				ENABLE_TESTABILITY = YES;
				GCC_C_LANGUAGE_STANDARD = gnu11;
				GCC_DYNAMIC_NO_PIC = NO;
				GCC_NO_COMMON_BLOCKS = YES;
				GCC_OPTIMIZATION_LEVEL = 0;
				GCC_PREPROCESSOR_DEFINITIONS = (
					"DEBUG=1",
					"$(inherited)",
				);
				GCC_WARN_64_TO_32_BIT_CONVERSION = YES;
				GCC_WARN_ABOUT_RETURN_TYPE = YES_ERROR;
				GCC_WARN_UNDECLARED_SELECTOR = YES;
				GCC_WARN_UNINITIALIZED_AUTOS = YES_AGGRESSIVE;
				GCC_WARN_UNUSED_FUNCTION = YES;
				GCC_WARN_UNUSED_VARIABLE = YES;
				IPHONEOS_DEPLOYMENT_TARGET = 16.2;
				MTL_ENABLE_DEBUG_INFO = INCLUDE_SOURCE;
				MTL_FAST_MATH = YES;
				ONLY_ACTIVE_ARCH = YES;
				SDKROOT = iphoneos;
			};
			name = Debug;
		};
		4B58178B2A62330E000B674B /* Release */ = {
			isa = XCBuildConfiguration;
			buildSettings = {
				ALWAYS_SEARCH_USER_PATHS = NO;
				CLANG_ANALYZER_NONNULL = YES;
				CLANG_ANALYZER_NUMBER_OBJECT_CONVERSION = YES_AGGRESSIVE;
				CLANG_CXX_LANGUAGE_STANDARD = "gnu++20";
				CLANG_ENABLE_MODULES = YES;
				CLANG_ENABLE_OBJC_ARC = YES;
				CLANG_ENABLE_OBJC_WEAK = YES;
				CLANG_WARN_BLOCK_CAPTURE_AUTORELEASING = YES;
				CLANG_WARN_BOOL_CONVERSION = YES;
				CLANG_WARN_COMMA = YES;
				CLANG_WARN_CONSTANT_CONVERSION = YES;
				CLANG_WARN_DEPRECATED_OBJC_IMPLEMENTATIONS = YES;
				CLANG_WARN_DIRECT_OBJC_ISA_USAGE = YES_ERROR;
				CLANG_WARN_DOCUMENTATION_COMMENTS = YES;
				CLANG_WARN_EMPTY_BODY = YES;
				CLANG_WARN_ENUM_CONVERSION = YES;
				CLANG_WARN_INFINITE_RECURSION = YES;
				CLANG_WARN_INT_CONVERSION = YES;
				CLANG_WARN_NON_LITERAL_NULL_CONVERSION = YES;
				CLANG_WARN_OBJC_IMPLICIT_RETAIN_SELF = YES;
				CLANG_WARN_OBJC_LITERAL_CONVERSION = YES;
				CLANG_WARN_OBJC_ROOT_CLASS = YES_ERROR;
				CLANG_WARN_QUOTED_INCLUDE_IN_FRAMEWORK_HEADER = YES;
				CLANG_WARN_RANGE_LOOP_ANALYSIS = YES;
				CLANG_WARN_STRICT_PROTOTYPES = YES;
				CLANG_WARN_SUSPICIOUS_MOVE = YES;
				CLANG_WARN_UNGUARDED_AVAILABILITY = YES_AGGRESSIVE;
				CLANG_WARN_UNREACHABLE_CODE = YES;
				CLANG_WARN__DUPLICATE_METHOD_MATCH = YES;
				COPY_PHASE_STRIP = NO;
				DEBUG_INFORMATION_FORMAT = "dwarf-with-dsym";
				ENABLE_NS_ASSERTIONS = NO;
				ENABLE_STRICT_OBJC_MSGSEND = YES;
				GCC_C_LANGUAGE_STANDARD = gnu11;
				GCC_NO_COMMON_BLOCKS = YES;
				GCC_WARN_64_TO_32_BIT_CONVERSION = YES;
				GCC_WARN_ABOUT_RETURN_TYPE = YES_ERROR;
				GCC_WARN_UNDECLARED_SELECTOR = YES;
				GCC_WARN_UNINITIALIZED_AUTOS = YES_AGGRESSIVE;
				GCC_WARN_UNUSED_FUNCTION = YES;
				GCC_WARN_UNUSED_VARIABLE = YES;
				IPHONEOS_DEPLOYMENT_TARGET = 16.2;
				MTL_ENABLE_DEBUG_INFO = NO;
				MTL_FAST_MATH = YES;
				SDKROOT = iphoneos;
				VALIDATE_PRODUCT = YES;
			};
			name = Release;
		};
		4B58178D2A62330E000B674B /* Debug */ = {
			isa = XCBuildConfiguration;
			buildSettings = {
				ASSETCATALOG_COMPILER_APPICON_NAME = AppIcon;
				ASSETCATALOG_COMPILER_GLOBAL_ACCENT_COLOR_NAME = AccentColor;
				CODE_SIGN_STYLE = Automatic;
				CURRENT_PROJECT_VERSION = 1;
				GENERATE_INFOPLIST_FILE = YES;
				INFOPLIST_FILE = DesignPatterns/Info.plist;
				INFOPLIST_KEY_UIApplicationSupportsIndirectInputEvents = YES;
				INFOPLIST_KEY_UILaunchStoryboardName = LaunchScreen;
				INFOPLIST_KEY_UIMainStoryboardFile = Main;
				INFOPLIST_KEY_UISupportedInterfaceOrientations_iPad = "UIInterfaceOrientationPortrait UIInterfaceOrientationPortraitUpsideDown UIInterfaceOrientationLandscapeLeft UIInterfaceOrientationLandscapeRight";
				INFOPLIST_KEY_UISupportedInterfaceOrientations_iPhone = "UIInterfaceOrientationPortrait UIInterfaceOrientationLandscapeLeft UIInterfaceOrientationLandscapeRight";
				LD_RUNPATH_SEARCH_PATHS = (
					"$(inherited)",
					"@executable_path/Frameworks",
				);
				MARKETING_VERSION = 1.0;
				PRODUCT_BUNDLE_IDENTIFIER = Kong.DesignPatterns;
				PRODUCT_NAME = "$(TARGET_NAME)";
				SWIFT_EMIT_LOC_STRINGS = YES;
				TARGETED_DEVICE_FAMILY = "1,2";
			};
			name = Debug;
		};
		4B58178E2A62330E000B674B /* Release */ = {
			isa = XCBuildConfiguration;
			buildSettings = {
				ASSETCATALOG_COMPILER_APPICON_NAME = AppIcon;
				ASSETCATALOG_COMPILER_GLOBAL_ACCENT_COLOR_NAME = AccentColor;
				CODE_SIGN_STYLE = Automatic;
				CURRENT_PROJECT_VERSION = 1;
				GENERATE_INFOPLIST_FILE = YES;
				INFOPLIST_FILE = DesignPatterns/Info.plist;
				INFOPLIST_KEY_UIApplicationSupportsIndirectInputEvents = YES;
				INFOPLIST_KEY_UILaunchStoryboardName = LaunchScreen;
				INFOPLIST_KEY_UIMainStoryboardFile = Main;
				INFOPLIST_KEY_UISupportedInterfaceOrientations_iPad = "UIInterfaceOrientationPortrait UIInterfaceOrientationPortraitUpsideDown UIInterfaceOrientationLandscapeLeft UIInterfaceOrientationLandscapeRight";
				INFOPLIST_KEY_UISupportedInterfaceOrientations_iPhone = "UIInterfaceOrientationPortrait UIInterfaceOrientationLandscapeLeft UIInterfaceOrientationLandscapeRight";
				LD_RUNPATH_SEARCH_PATHS = (
					"$(inherited)",
					"@executable_path/Frameworks",
				);
				MARKETING_VERSION = 1.0;
				PRODUCT_BUNDLE_IDENTIFIER = Kong.DesignPatterns;
				PRODUCT_NAME = "$(TARGET_NAME)";
				SWIFT_EMIT_LOC_STRINGS = YES;
				TARGETED_DEVICE_FAMILY = "1,2";
			};
			name = Release;
		};
/* End XCBuildConfiguration section */

/* Begin XCConfigurationList section */
		4B58176E2A62330C000B674B /* Build configuration list for PBXProject "DesignPatterns" */ = {
			isa = XCConfigurationList;
			buildConfigurations = (
				4B58178A2A62330E000B674B /* Debug */,
				4B58178B2A62330E000B674B /* Release */,
			);
			defaultConfigurationIsVisible = 0;
			defaultConfigurationName = Release;
		};
		4B58178C2A62330E000B674B /* Build configuration list for PBXNativeTarget "DesignPatterns" */ = {
			isa = XCConfigurationList;
			buildConfigurations = (
				4B58178D2A62330E000B674B /* Debug */,
				4B58178E2A62330E000B674B /* Release */,
			);
			defaultConfigurationIsVisible = 0;
			defaultConfigurationName = Release;
		};
/* End XCConfigurationList section */
	};
	rootObject = 4B58176B2A62330C000B674B /* Project object */;
}
